
Microsoft Visual Studio Solution File, Format Version 12.00
# Visual Studio Version 16
VisualStudioVersion = 16.0.29709.97
MinimumVisualStudioVersion = 10.0.40219.1
Project("{FAE04EC0-301F-11D3-BF4B-00C04F79EFBC}") = "Ecommerce", "Ecommerce\Ecommerce.csproj", "{A89E5FF5-5558-43AB-B5A0-64FA0BAC8142}"
EndProject
Global
	GlobalSection(SolutionConfigurationPlatforms) = preSolution
		Debug|Any CPU = Debug|Any CPU
		Release|Any CPU = Release|Any CPU
	EndGlobalSection
	GlobalSection(ProjectConfigurationPlatforms) = postSolution
		{A89E5FF5-5558-43AB-B5A0-64FA0BAC8142}.Debug|Any CPU.ActiveCfg = Debug|Any CPU
		{A89E5FF5-5558-43AB-B5A0-64FA0BAC8142}.Debug|Any CPU.Build.0 = Debug|Any CPU
		{A89E5FF5-5558-43AB-B5A0-64FA0BAC8142}.Release|Any CPU.ActiveCfg = Release|Any CPU
		{A89E5FF5-5558-43AB-B5A0-64FA0BAC8142}.Release|Any CPU.Build.0 = Release|Any CPU
	EndGlobalSection
	GlobalSection(SolutionProperties) = preSolution
		HideSolutionNode = FALSE
	EndGlobalSection
	GlobalSection(ExtensibilityGlobals) = postSolution
		SolutionGuid = {AC999BDC-5E7E-4CFC-B2A0-A8FAB6BF99DA}
	EndGlobalSection
EndGlobal
